
Microsoft Visual Studio Solution File, Format Version 12.00
Project("{FAE04EC0-301F-11D3-BF4B-00C04F79EFBC}") = "PdfConverter.ApiOrchestrator", "PdfConverter.ApiOrchestrator\PdfConverter.ApiOrchestrator.csproj", "{E59417F3-FD75-4FAB-87A2-384588A5CD2A}"
EndProject
Project("{2150E333-8FDC-42A3-9474-1A3956D46DE8}") = "Services", "Services", "{CBEF1BA6-B043-4FFC-93D4-D6B9836248CA}"
EndProject
Project("{2150E333-8FDC-42A3-9474-1A3956D46DE8}") = "Common", "Common", "{5B7504B6-B0AD-4577-A777-FFCA9701A18F}"
EndProject
Project("{FAE04EC0-301F-11D3-BF4B-00C04F79EFBC}") = "Messaging", "Messaging\Messaging.csproj", "{5951D7FA-36FC-4945-A9CC-C7980C1FB41E}"
EndProject
Project("{FAE04EC0-301F-11D3-BF4B-00C04F79EFBC}") = "Messaging.Abstractions", "Messaging.Abstractions\Messaging.Abstractions.csproj", "{7A439F44-FCF7-43C1-A667-A82B13FB4C74}"
EndProject
Project("{FAE04EC0-301F-11D3-BF4B-00C04F79EFBC}") = "Shared", "Shared\Shared.csproj", "{E6BFB095-CB57-4F30-8AE2-451258DEC631}"
EndProject
Project("{FAE04EC0-301F-11D3-BF4B-00C04F79EFBC}") = "PdfConverter.Storage", "PdfConverter.Storage\PdfConverter.Storage.csproj", "{7AF3D363-220E-411E-B0D4-7538DBF96811}"
EndProject
Global
	GlobalSection(SolutionConfigurationPlatforms) = preSolution
		Debug|Any CPU = Debug|Any CPU
		Release|Any CPU = Release|Any CPU
	EndGlobalSection
	GlobalSection(ProjectConfigurationPlatforms) = postSolution
		{E59417F3-FD75-4FAB-87A2-384588A5CD2A}.Debug|Any CPU.ActiveCfg = Debug|Any CPU
		{E59417F3-FD75-4FAB-87A2-384588A5CD2A}.Debug|Any CPU.Build.0 = Debug|Any CPU
		{E59417F3-FD75-4FAB-87A2-384588A5CD2A}.Release|Any CPU.ActiveCfg = Release|Any CPU
		{E59417F3-FD75-4FAB-87A2-384588A5CD2A}.Release|Any CPU.Build.0 = Release|Any CPU
		{5951D7FA-36FC-4945-A9CC-C7980C1FB41E}.Debug|Any CPU.ActiveCfg = Debug|Any CPU
		{5951D7FA-36FC-4945-A9CC-C7980C1FB41E}.Debug|Any CPU.Build.0 = Debug|Any CPU
		{5951D7FA-36FC-4945-A9CC-C7980C1FB41E}.Release|Any CPU.ActiveCfg = Release|Any CPU
		{5951D7FA-36FC-4945-A9CC-C7980C1FB41E}.Release|Any CPU.Build.0 = Release|Any CPU
		{7A439F44-FCF7-43C1-A667-A82B13FB4C74}.Debug|Any CPU.ActiveCfg = Debug|Any CPU
		{7A439F44-FCF7-43C1-A667-A82B13FB4C74}.Debug|Any CPU.Build.0 = Debug|Any CPU
		{7A439F44-FCF7-43C1-A667-A82B13FB4C74}.Release|Any CPU.ActiveCfg = Release|Any CPU
		{7A439F44-FCF7-43C1-A667-A82B13FB4C74}.Release|Any CPU.Build.0 = Release|Any CPU
		{E6BFB095-CB57-4F30-8AE2-451258DEC631}.Debug|Any CPU.ActiveCfg = Debug|Any CPU
		{E6BFB095-CB57-4F30-8AE2-451258DEC631}.Debug|Any CPU.Build.0 = Debug|Any CPU
		{E6BFB095-CB57-4F30-8AE2-451258DEC631}.Release|Any CPU.ActiveCfg = Release|Any CPU
		{E6BFB095-CB57-4F30-8AE2-451258DEC631}.Release|Any CPU.Build.0 = Release|Any CPU
		{7AF3D363-220E-411E-B0D4-7538DBF96811}.Debug|Any CPU.ActiveCfg = Debug|Any CPU
		{7AF3D363-220E-411E-B0D4-7538DBF96811}.Debug|Any CPU.Build.0 = Debug|Any CPU
		{7AF3D363-220E-411E-B0D4-7538DBF96811}.Release|Any CPU.ActiveCfg = Release|Any CPU
		{7AF3D363-220E-411E-B0D4-7538DBF96811}.Release|Any CPU.Build.0 = Release|Any CPU
	EndGlobalSection
	GlobalSection(NestedProjects) = preSolution
		{E59417F3-FD75-4FAB-87A2-384588A5CD2A} = {CBEF1BA6-B043-4FFC-93D4-D6B9836248CA}
		{5951D7FA-36FC-4945-A9CC-C7980C1FB41E} = {5B7504B6-B0AD-4577-A777-FFCA9701A18F}
		{7A439F44-FCF7-43C1-A667-A82B13FB4C74} = {5B7504B6-B0AD-4577-A777-FFCA9701A18F}
		{E6BFB095-CB57-4F30-8AE2-451258DEC631} = {5B7504B6-B0AD-4577-A777-FFCA9701A18F}
		{7AF3D363-220E-411E-B0D4-7538DBF96811} = {CBEF1BA6-B043-4FFC-93D4-D6B9836248CA}
	EndGlobalSection
EndGlobal
